{
  "name": "port",
  "version": "1.0.0",
  "lockfileVersion": 1,
  "requires": true,
  "dependencies": {
    "gatsby-plugin-yandex-metrika": {
      "version": "1.3.0",
      "resolved": "https://registry.npmjs.org/gatsby-plugin-yandex-metrika/-/gatsby-plugin-yandex-metrika-1.3.0.tgz",
      "integrity": "sha512-xLaAksVr84ECSOkmH7d/7IuXzN5avlz2u+ZtIreCfwBuGpK40hAl6itOPcWvUaahNDiOUCfMEbmLT43qJHtPwg=="
    }
  }
}
